
Microsoft Visual Studio Solution File, Format Version 12.00
Project("{FAE04EC0-301F-11D3-BF4B-00C04F79EFBC}") = "Warehouse.API", "Warehouse.API\Warehouse.API.csproj", "{3A6D90DD-7F55-466C-9C73-EFE804C3A656}"
EndProject
Project("{2150E333-8FDC-42A3-9474-1A3956D46DE8}") = "Solution Items", "Solution Items", "{B3231D88-2F40-4786-9ABC-4199C0922FAB}"
	ProjectSection(SolutionItems) = preProject
		compose.yaml = compose.yaml
	EndProjectSection
EndProject
Global
	GlobalSection(SolutionConfigurationPlatforms) = preSolution
		Debug|Any CPU = Debug|Any CPU
		Release|Any CPU = Release|Any CPU
	EndGlobalSection
	GlobalSection(ProjectConfigurationPlatforms) = postSolution
		{3A6D90DD-7F55-466C-9C73-EFE804C3A656}.Debug|Any CPU.ActiveCfg = Debug|Any CPU
		{3A6D90DD-7F55-466C-9C73-EFE804C3A656}.Debug|Any CPU.Build.0 = Debug|Any CPU
		{3A6D90DD-7F55-466C-9C73-EFE804C3A656}.Release|Any CPU.ActiveCfg = Release|Any CPU
		{3A6D90DD-7F55-466C-9C73-EFE804C3A656}.Release|Any CPU.Build.0 = Release|Any CPU
	EndGlobalSection
EndGlobal
